
Microsoft Visual Studio Solution File, Format Version 12.00
# Visual Studio Version 17
VisualStudioVersion = 17.0.31903.59
MinimumVisualStudioVersion = 10.0.40219.1
Project("{FAE04EC0-301F-11D3-BF4B-00C04F79EFBC}") = "Linkedin", "Linkedin\Linkedin.csproj", "{4A9A8BDA-8DA0-45F3-831B-A9AC9C503827}"
EndProject
Global
	GlobalSection(SolutionConfigurationPlatforms) = preSolution
		Debug|Any CPU = Debug|Any CPU
		Release|Any CPU = Release|Any CPU
	EndGlobalSection
	GlobalSection(ProjectConfigurationPlatforms) = postSolution
		{4A9A8BDA-8DA0-45F3-831B-A9AC9C503827}.Debug|Any CPU.ActiveCfg = Debug|Any CPU
		{4A9A8BDA-8DA0-45F3-831B-A9AC9C503827}.Debug|Any CPU.Build.0 = Debug|Any CPU
		{4A9A8BDA-8DA0-45F3-831B-A9AC9C503827}.Release|Any CPU.ActiveCfg = Release|Any CPU
		{4A9A8BDA-8DA0-45F3-831B-A9AC9C503827}.Release|Any CPU.Build.0 = Release|Any CPU
	EndGlobalSection
	GlobalSection(SolutionProperties) = preSolution
		HideSolutionNode = FALSE
	EndGlobalSection
	GlobalSection(ExtensibilityGlobals) = postSolution
		SolutionGuid = {E7A08FD5-977F-4847-AA41-5D13AA85F401}
	EndGlobalSection
EndGlobal
